// !UTF8*
{
	archiveVersion = 1;
	classes = {
	};
	objectVersion = 56;
	objects = {
		1A000001 /* AppDelegate.h */ = {isa = PBXFileReference; fileEncoding = 4; lastKnownFileType = sourcecode.c.h; path = AppDelegate.h; sourceTree = "<group>"; };
		1A000002 /* AppDelegate.m */ = {isa = PBXFileReference; fileEncoding = 4; lastKnownFileType = sourcecode.c.objc; path = AppDelegate.m; sourceTree = "<group>"; };
		1A000003 /* ViewController.h */ = {isa = PBXFileReference; fileEncoding = 4; lastKnownFileType = sourcecode.c.h; path = ViewController.h; sourceTree = "<group>"; };
		1A000004 /* ViewController.m */ = {isa = PBXFileReference; fileEncoding = 4; lastKnownFileType = sourcecode.c.objc; path = ViewController.m; sourceTree = "<group>"; };
		1A000005 /* main.m */ = {isa = PBXFileReference; fileEncoding = 4; lastKnownFileType = sourcecode.c.objc; path = main.m; sourceTree = "<group>"; };
		1A000006 /* Info.plist */ = {isa = PBXFileReference; fileEncoding = 4; lastKnownFileType = text.plist.xml; path = Info.plist; sourceTree = "<group>"; };
		1A000007 /* BlinkFramework.framework */ = {isa = PBXFileReference; lastKnownFileType = wrapper.framework; path = BlinkFramework.framework; sourceTree = "<group>"; };
		1A000008 /* BlinkTVBrowser.app */ = {isa = PBXFileReference; explicitFileType = wrapper.application; includeInIndex = 0; path = BlinkTVBrowser.app; sourceTree = BUILT_PRODUCTS_DIR; };
		1A000009 /* BlinkTVBrowser */ = {
			isa = PBXGroup;
			children = (
				1A000001 /* AppDelegate.h */,
				1A000002 /* AppDelegate.m */,
				1A000003 /* ViewController.h */,
				1A000004 /* ViewController.m */,
				1A000005 /* main.m */,
				1A000006 /* Info.plist */,
			);
			path = BlinkTVBrowser;
			sourceTree = "<group>";
		};
		1A00000A /* Products */ = {
			isa = PBXGroup;
			children = (
				1A000008 /* BlinkTVBrowser.app */,
			);
			name = Products;
			sourceTree = "<group>";
		};
		1A00000B = {
			isa = PBXGroup;
			children = (
				1A000009 /* BlinkTVBrowser */,
				1A000007 /* BlinkFramework.framework */,
				1A00000A /* Products */,
			);
			sourceTree = "<group>";
		};
		1A00000C /* BlinkTVBrowser */ = {
			isa = PBXNativeTarget;
			buildConfigurationList = 1A00000D /* Build configuration list for PBXNativeTarget "BlinkTVBrowser" */;
			buildPhases = (
				1A00000E /* Sources */,
				1A00000F /* Frameworks */,
			);
			buildRules = (
			);
			dependencies = (
			);
			name = BlinkTVBrowser;
			productName = BlinkTVBrowser;
			productReference = 1A000008 /* BlinkTVBrowser.app */;
			productType = "com.apple.product-type.application";
		};
		1A00000D /* Build configuration list for PBXNativeTarget "BlinkTVBrowser" */ = {
			isa = XCConfigurationList;
			buildConfigurations = (
				1A000010 /* Debug */,
				1A000011 /* Release */,
			);
			defaultConfigurationIsVisible = 0;
			defaultConfigurationName = Release;
		};
		1A00000E /* Sources */ = {
			isa = PBXSourcesBuildPhase;
			buildActionMask = 2147483647;
			files = (
				1A000012 /* AppDelegate.m in Sources */,
				1A000013 /* ViewController.m in Sources */,
				1A000014 /* main.m in Sources */,
			);
			runOnlyForDeploymentPostprocessing = 0;
		};
		1A00000F /* Frameworks */ = {
			isa = PBXFrameworksBuildPhase;
			buildActionMask = 2147483647;
			files = (
				1A000015 /* BlinkFramework.framework in Frameworks */,
			);
			runOnlyForDeploymentPostprocessing = 0;
		};
		1A000010 /* Debug */ = {
			isa = XCBuildConfiguration;
			buildSettings = {
				PRODUCT_BUNDLE_IDENTIFIER = com.blink.tvbrowser;
				PRODUCT_NAME = BlinkTVBrowser;
				SDKROOT = appletvos;
				TARGETED_DEVICE_FAMILY = 3;
				TVOS_DEPLOYMENT_TARGET = 17.0;
				FRAMEWORK_SEARCH_PATHS = "";
				INFOPLIST_FILE = BlinkTVBrowser/Info.plist;
			};
			name = Debug;
		};
		1A000011 /* Release */ = {
			isa = XCBuildConfiguration;
			buildSettings = {
				PRODUCT_BUNDLE_IDENTIFIER = com.blink.tvbrowser;
				PRODUCT_NAME = BlinkTVBrowser;
				SDKROOT = appletvos;
				TARGETED_DEVICE_FAMILY = 3;
				TVOS_DEPLOYMENT_TARGET = 17.0;
				FRAMEWORK_SEARCH_PATHS = "";
				INFOPLIST_FILE = BlinkTVBrowser/Info.plist;
			};
			name = Release;
		};
		1A000012 /* AppDelegate.m in Sources */ = {isa = PBXBuildFile; fileRef = 1A000002 /* AppDelegate.m */; };
		1A000013 /* ViewController.m in Sources */ = {isa = PBXBuildFile; fileRef = 1A000004 /* ViewController.m */; };
		1A000014 /* main.m in Sources */ = {isa = PBXBuildFile; fileRef = 1A000005 /* main.m */; };
		1A000015 /* BlinkFramework.framework in Frameworks */ = {isa = PBXBuildFile; fileRef = 1A000007 /* BlinkFramework.framework */; };
		1A000016 /* Project object */ = {
			isa = PBXProject;
			attributes = {
				LastUpgradeCheck = 1500;
				TargetAttributes = {
					1A00000C = {
						CreatedOnToolsVersion = 15.0;
					};
				};
			};
			buildConfigurationList = 1A000017 /* Build configuration list for PBXProject "BlinkTVBrowser" */;
			compatibilityVersion = "Xcode 14.0";
			developmentRegion = en;
			hasScannedForEncodings = 0;
			knownRegions = (
				en,
			);
			mainGroup = 1A00000B;
			productRefGroup = 1A00000A /* Products */;
			projectDirPath = "";
			projectRoot = "";
			targets = (
				1A00000C /* BlinkTVBrowser */,
			);
		};
		1A000017 /* Build configuration list for PBXProject "BlinkTVBrowser" */ = {
			isa = XCConfigurationList;
			buildConfigurations = (
				1A000018 /* Debug */,
				1A000019 /* Release */,
			);
			defaultConfigurationIsVisible = 0;
			defaultConfigurationName = Release;
		};
		1A000018 /* Debug */ = {
			isa = XCBuildConfiguration;
			buildSettings = {
				CLANG_ENABLE_OBJC_ARC = YES;
				SDKROOT = appletvos;
				TVOS_DEPLOYMENT_TARGET = 17.0;
			};
			name = Debug;
		};
		1A000019 /* Release */ = {
			isa = XCBuildConfiguration;
			buildSettings = {
				CLANG_ENABLE_OBJC_ARC = YES;
				SDKROOT = appletvos;
				TVOS_DEPLOYMENT_TARGET = 17.0;
			};
			name = Release;
		};
	};
	rootObject = 1A000016 /* Project object */;
}
